
Microsoft Visual Studio Solution File, Format Version 12.00
# Visual Studio Version 16
VisualStudioVersion = 16.0.29806.167
MinimumVisualStudioVersion = 10.0.40219.1
Project("{FAE04EC0-301F-11D3-BF4B-00C04F79EFBC}") = "AsteroidGame", "AsteroidGame\AsteroidGame.csproj", "{5021FFDC-1A0F-4EF5-A266-3E08FB47EE55}"
EndProject
Project("{2150E333-8FDC-42A3-9474-1A3956D46DE8}") = "Test", "Test", "{E9B96BAE-C3D6-4463-B2D6-DF08529FD2BF}"
EndProject
Project("{FAE04EC0-301F-11D3-BF4B-00C04F79EFBC}") = "TestConsole", "TestConsole\TestConsole.csproj", "{0191D1C1-3B57-4BF6-85D8-FF55642E6404}"
EndProject
Project("{2150E333-8FDC-42A3-9474-1A3956D46DE8}") = "SamplesUI", "SamplesUI", "{1AB4C88D-DD44-48CF-89C0-D8902722E002}"
EndProject
Project("{FAE04EC0-301F-11D3-BF4B-00C04F79EFBC}") = "TestWPFApp", "SamplesUI\WPF\TestWPFApp\TestWPFApp.csproj", "{6270ADD1-74C6-4F93-8CD4-5A09BCECDFC2}"
EndProject
Project("{FAE04EC0-301F-11D3-BF4B-00C04F79EFBC}") = "TestWinForms", "SamplesUI\WinForms\TestWinForms\TestWinForms.csproj", "{933B5B18-3678-409C-B636-1A13CAF4CDF0}"
EndProject
Project("{2150E333-8FDC-42A3-9474-1A3956D46DE8}") = "BindingTest", "BindingTest", "{2D2AC75E-8A8E-4DBE-833E-5F03313905C9}"
EndProject
Project("{FAE04EC0-301F-11D3-BF4B-00C04F79EFBC}") = "BindingTestApp", "BindingTest\BindingTestApp\BindingTestApp.csproj", "{CC3647FE-B6AE-4B18-AD08-EEEAD1B46D52}"
EndProject
Project("{FAE04EC0-301F-11D3-BF4B-00C04F79EFBC}") = "EmployeesManager", "EmployeesManager\EmployeesManager.csproj", "{B36EE52C-3B13-4F49-BF47-CA48894E3161}"
EndProject
Global
	GlobalSection(SolutionConfigurationPlatforms) = preSolution
		Debug|Any CPU = Debug|Any CPU
		Release|Any CPU = Release|Any CPU
	EndGlobalSection
	GlobalSection(ProjectConfigurationPlatforms) = postSolution
		{5021FFDC-1A0F-4EF5-A266-3E08FB47EE55}.Debug|Any CPU.ActiveCfg = Debug|Any CPU
		{5021FFDC-1A0F-4EF5-A266-3E08FB47EE55}.Debug|Any CPU.Build.0 = Debug|Any CPU
		{5021FFDC-1A0F-4EF5-A266-3E08FB47EE55}.Release|Any CPU.ActiveCfg = Release|Any CPU
		{5021FFDC-1A0F-4EF5-A266-3E08FB47EE55}.Release|Any CPU.Build.0 = Release|Any CPU
		{0191D1C1-3B57-4BF6-85D8-FF55642E6404}.Debug|Any CPU.ActiveCfg = Debug|Any CPU
		{0191D1C1-3B57-4BF6-85D8-FF55642E6404}.Debug|Any CPU.Build.0 = Debug|Any CPU
		{0191D1C1-3B57-4BF6-85D8-FF55642E6404}.Release|Any CPU.ActiveCfg = Release|Any CPU
		{0191D1C1-3B57-4BF6-85D8-FF55642E6404}.Release|Any CPU.Build.0 = Release|Any CPU
		{6270ADD1-74C6-4F93-8CD4-5A09BCECDFC2}.Debug|Any CPU.ActiveCfg = Debug|Any CPU
		{6270ADD1-74C6-4F93-8CD4-5A09BCECDFC2}.Debug|Any CPU.Build.0 = Debug|Any CPU
		{6270ADD1-74C6-4F93-8CD4-5A09BCECDFC2}.Release|Any CPU.ActiveCfg = Release|Any CPU
		{6270ADD1-74C6-4F93-8CD4-5A09BCECDFC2}.Release|Any CPU.Build.0 = Release|Any CPU
		{933B5B18-3678-409C-B636-1A13CAF4CDF0}.Debug|Any CPU.ActiveCfg = Debug|Any CPU
		{933B5B18-3678-409C-B636-1A13CAF4CDF0}.Debug|Any CPU.Build.0 = Debug|Any CPU
		{933B5B18-3678-409C-B636-1A13CAF4CDF0}.Release|Any CPU.ActiveCfg = Release|Any CPU
		{933B5B18-3678-409C-B636-1A13CAF4CDF0}.Release|Any CPU.Build.0 = Release|Any CPU
		{CC3647FE-B6AE-4B18-AD08-EEEAD1B46D52}.Debug|Any CPU.ActiveCfg = Debug|Any CPU
		{CC3647FE-B6AE-4B18-AD08-EEEAD1B46D52}.Debug|Any CPU.Build.0 = Debug|Any CPU
		{CC3647FE-B6AE-4B18-AD08-EEEAD1B46D52}.Release|Any CPU.ActiveCfg = Release|Any CPU
		{CC3647FE-B6AE-4B18-AD08-EEEAD1B46D52}.Release|Any CPU.Build.0 = Release|Any CPU
		{B36EE52C-3B13-4F49-BF47-CA48894E3161}.Debug|Any CPU.ActiveCfg = Debug|Any CPU
		{B36EE52C-3B13-4F49-BF47-CA48894E3161}.Debug|Any CPU.Build.0 = Debug|Any CPU
		{B36EE52C-3B13-4F49-BF47-CA48894E3161}.Release|Any CPU.ActiveCfg = Release|Any CPU
		{B36EE52C-3B13-4F49-BF47-CA48894E3161}.Release|Any CPU.Build.0 = Release|Any CPU
	EndGlobalSection
	GlobalSection(SolutionProperties) = preSolution
		HideSolutionNode = FALSE
	EndGlobalSection
	GlobalSection(NestedProjects) = preSolution
		{0191D1C1-3B57-4BF6-85D8-FF55642E6404} = {E9B96BAE-C3D6-4463-B2D6-DF08529FD2BF}
		{1AB4C88D-DD44-48CF-89C0-D8902722E002} = {E9B96BAE-C3D6-4463-B2D6-DF08529FD2BF}
		{6270ADD1-74C6-4F93-8CD4-5A09BCECDFC2} = {1AB4C88D-DD44-48CF-89C0-D8902722E002}
		{933B5B18-3678-409C-B636-1A13CAF4CDF0} = {1AB4C88D-DD44-48CF-89C0-D8902722E002}
		{2D2AC75E-8A8E-4DBE-833E-5F03313905C9} = {E9B96BAE-C3D6-4463-B2D6-DF08529FD2BF}
		{CC3647FE-B6AE-4B18-AD08-EEEAD1B46D52} = {2D2AC75E-8A8E-4DBE-833E-5F03313905C9}
		{B36EE52C-3B13-4F49-BF47-CA48894E3161} = {2D2AC75E-8A8E-4DBE-833E-5F03313905C9}
	EndGlobalSection
	GlobalSection(ExtensibilityGlobals) = postSolution
		SolutionGuid = {DBB379B3-0884-4F50-B2D5-AF07083F1373}
	EndGlobalSection
EndGlobal
